
Microsoft Visual Studio Solution File, Format Version 12.00
# Visual Studio Version 16
VisualStudioVersion = 16.0.31410.357
MinimumVisualStudioVersion = 10.0.40219.1
Project("{FAE04EC0-301F-11D3-BF4B-00C04F79EFBC}") = "XF_SQLiteDB_Test.UWP", "XF_SQLiteDB_Test\XF_SQLiteDB_Test.UWP\XF_SQLiteDB_Test.UWP.csproj", "{712F2F7E-29BF-4510-932C-4D5B2AFB686A}"
EndProject
Project("{FAE04EC0-301F-11D3-BF4B-00C04F79EFBC}") = "XF_SQLiteDB_Test.Android", "XF_SQLiteDB_Test\XF_SQLiteDB_Test.Android\XF_SQLiteDB_Test.Android.csproj", "{D344F61B-EFD4-4628-9C97-68959D7745BD}"
EndProject
Project("{FAE04EC0-301F-11D3-BF4B-00C04F79EFBC}") = "XF_SQLiteDB_Test.iOS", "XF_SQLiteDB_Test\XF_SQLiteDB_Test.iOS\XF_SQLiteDB_Test.iOS.csproj", "{89A4F002-E186-4319-9406-1C4BDF3FB1D5}"
EndProject
Project("{FAE04EC0-301F-11D3-BF4B-00C04F79EFBC}") = "XF_SQLiteDB_Test", "XF_SQLiteDB_Test\XF_SQLiteDB_Test\XF_SQLiteDB_Test.csproj", "{B33525DB-7524-4225-91D7-96687413F881}"
EndProject
Global
	GlobalSection(SolutionConfigurationPlatforms) = preSolution
		Debug|Any CPU = Debug|Any CPU
		Debug|ARM = Debug|ARM
		Debug|iPhone = Debug|iPhone
		Debug|iPhoneSimulator = Debug|iPhoneSimulator
		Debug|x64 = Debug|x64
		Debug|x86 = Debug|x86
		Release|Any CPU = Release|Any CPU
		Release|ARM = Release|ARM
		Release|iPhone = Release|iPhone
		Release|iPhoneSimulator = Release|iPhoneSimulator
		Release|x64 = Release|x64
		Release|x86 = Release|x86
	EndGlobalSection
	GlobalSection(ProjectConfigurationPlatforms) = postSolution
		{712F2F7E-29BF-4510-932C-4D5B2AFB686A}.Debug|Any CPU.ActiveCfg = Debug|x86
		{712F2F7E-29BF-4510-932C-4D5B2AFB686A}.Debug|Any CPU.Build.0 = Debug|x86
		{712F2F7E-29BF-4510-932C-4D5B2AFB686A}.Debug|Any CPU.Deploy.0 = Debug|x86
		{712F2F7E-29BF-4510-932C-4D5B2AFB686A}.Debug|ARM.ActiveCfg = Debug|ARM
		{712F2F7E-29BF-4510-932C-4D5B2AFB686A}.Debug|ARM.Build.0 = Debug|ARM
		{712F2F7E-29BF-4510-932C-4D5B2AFB686A}.Debug|ARM.Deploy.0 = Debug|ARM
		{712F2F7E-29BF-4510-932C-4D5B2AFB686A}.Debug|iPhone.ActiveCfg = Debug|x86
		{712F2F7E-29BF-4510-932C-4D5B2AFB686A}.Debug|iPhone.Build.0 = Debug|x86
		{712F2F7E-29BF-4510-932C-4D5B2AFB686A}.Debug|iPhone.Deploy.0 = Debug|x86
		{712F2F7E-29BF-4510-932C-4D5B2AFB686A}.Debug|iPhoneSimulator.ActiveCfg = Debug|x86
		{712F2F7E-29BF-4510-932C-4D5B2AFB686A}.Debug|iPhoneSimulator.Build.0 = Debug|x86
		{712F2F7E-29BF-4510-932C-4D5B2AFB686A}.Debug|iPhoneSimulator.Deploy.0 = Debug|x86
		{712F2F7E-29BF-4510-932C-4D5B2AFB686A}.Debug|x64.ActiveCfg = Debug|x64
		{712F2F7E-29BF-4510-932C-4D5B2AFB686A}.Debug|x64.Build.0 = Debug|x64
		{712F2F7E-29BF-4510-932C-4D5B2AFB686A}.Debug|x64.Deploy.0 = Debug|x64
		{712F2F7E-29BF-4510-932C-4D5B2AFB686A}.Debug|x86.ActiveCfg = Debug|x86
		{712F2F7E-29BF-4510-932C-4D5B2AFB686A}.Debug|x86.Build.0 = Debug|x86
		{712F2F7E-29BF-4510-932C-4D5B2AFB686A}.Debug|x86.Deploy.0 = Debug|x86
		{712F2F7E-29BF-4510-932C-4D5B2AFB686A}.Release|Any CPU.ActiveCfg = Release|x86
		{712F2F7E-29BF-4510-932C-4D5B2AFB686A}.Release|Any CPU.Build.0 = Release|x86
		{712F2F7E-29BF-4510-932C-4D5B2AFB686A}.Release|Any CPU.Deploy.0 = Release|x86
		{712F2F7E-29BF-4510-932C-4D5B2AFB686A}.Release|ARM.ActiveCfg = Release|ARM
		{712F2F7E-29BF-4510-932C-4D5B2AFB686A}.Release|ARM.Build.0 = Release|ARM
		{712F2F7E-29BF-4510-932C-4D5B2AFB686A}.Release|ARM.Deploy.0 = Release|ARM
		{712F2F7E-29BF-4510-932C-4D5B2AFB686A}.Release|iPhone.ActiveCfg = Release|x86
		{712F2F7E-29BF-4510-932C-4D5B2AFB686A}.Release|iPhone.Build.0 = Release|x86
		{712F2F7E-29BF-4510-932C-4D5B2AFB686A}.Release|iPhone.Deploy.0 = Release|x86
		{712F2F7E-29BF-4510-932C-4D5B2AFB686A}.Release|iPhoneSimulator.ActiveCfg = Release|x86
		{712F2F7E-29BF-4510-932C-4D5B2AFB686A}.Release|iPhoneSimulator.Build.0 = Release|x86
		{712F2F7E-29BF-4510-932C-4D5B2AFB686A}.Release|iPhoneSimulator.Deploy.0 = Release|x86
		{712F2F7E-29BF-4510-932C-4D5B2AFB686A}.Release|x64.ActiveCfg = Release|x64
		{712F2F7E-29BF-4510-932C-4D5B2AFB686A}.Release|x64.Build.0 = Release|x64
		{712F2F7E-29BF-4510-932C-4D5B2AFB686A}.Release|x64.Deploy.0 = Release|x64
		{712F2F7E-29BF-4510-932C-4D5B2AFB686A}.Release|x86.ActiveCfg = Release|x86
		{712F2F7E-29BF-4510-932C-4D5B2AFB686A}.Release|x86.Build.0 = Release|x86
		{712F2F7E-29BF-4510-932C-4D5B2AFB686A}.Release|x86.Deploy.0 = Release|x86
		{D344F61B-EFD4-4628-9C97-68959D7745BD}.Debug|Any CPU.ActiveCfg = Debug|Any CPU
		{D344F61B-EFD4-4628-9C97-68959D7745BD}.Debug|Any CPU.Build.0 = Debug|Any CPU
		{D344F61B-EFD4-4628-9C97-68959D7745BD}.Debug|Any CPU.Deploy.0 = Debug|Any CPU
		{D344F61B-EFD4-4628-9C97-68959D7745BD}.Debug|ARM.ActiveCfg = Debug|Any CPU
		{D344F61B-EFD4-4628-9C97-68959D7745BD}.Debug|ARM.Build.0 = Debug|Any CPU
		{D344F61B-EFD4-4628-9C97-68959D7745BD}.Debug|ARM.Deploy.0 = Debug|Any CPU
		{D344F61B-EFD4-4628-9C97-68959D7745BD}.Debug|iPhone.ActiveCfg = Debug|Any CPU
		{D344F61B-EFD4-4628-9C97-68959D7745BD}.Debug|iPhone.Build.0 = Debug|Any CPU
		{D344F61B-EFD4-4628-9C97-68959D7745BD}.Debug|iPhone.Deploy.0 = Debug|Any CPU
		{D344F61B-EFD4-4628-9C97-68959D7745BD}.Debug|iPhoneSimulator.ActiveCfg = Debug|Any CPU
		{D344F61B-EFD4-4628-9C97-68959D7745BD}.Debug|iPhoneSimulator.Build.0 = Debug|Any CPU
		{D344F61B-EFD4-4628-9C97-68959D7745BD}.Debug|iPhoneSimulator.Deploy.0 = Debug|Any CPU
		{D344F61B-EFD4-4628-9C97-68959D7745BD}.Debug|x64.ActiveCfg = Debug|Any CPU
		{D344F61B-EFD4-4628-9C97-68959D7745BD}.Debug|x64.Build.0 = Debug|Any CPU
		{D344F61B-EFD4-4628-9C97-68959D7745BD}.Debug|x64.Deploy.0 = Debug|Any CPU
		{D344F61B-EFD4-4628-9C97-68959D7745BD}.Debug|x86.ActiveCfg = Debug|Any CPU
		{D344F61B-EFD4-4628-9C97-68959D7745BD}.Debug|x86.Build.0 = Debug|Any CPU
		{D344F61B-EFD4-4628-9C97-68959D7745BD}.Debug|x86.Deploy.0 = Debug|Any CPU
		{D344F61B-EFD4-4628-9C97-68959D7745BD}.Release|Any CPU.ActiveCfg = Release|Any CPU
		{D344F61B-EFD4-4628-9C97-68959D7745BD}.Release|Any CPU.Build.0 = Release|Any CPU
		{D344F61B-EFD4-4628-9C97-68959D7745BD}.Release|Any CPU.Deploy.0 = Release|Any CPU
		{D344F61B-EFD4-4628-9C97-68959D7745BD}.Release|ARM.ActiveCfg = Release|Any CPU
		{D344F61B-EFD4-4628-9C97-68959D7745BD}.Release|ARM.Build.0 = Release|Any CPU
		{D344F61B-EFD4-4628-9C97-68959D7745BD}.Release|ARM.Deploy.0 = Release|Any CPU
		{D344F61B-EFD4-4628-9C97-68959D7745BD}.Release|iPhone.ActiveCfg = Release|Any CPU
		{D344F61B-EFD4-4628-9C97-68959D7745BD}.Release|iPhone.Build.0 = Release|Any CPU
		{D344F61B-EFD4-4628-9C97-68959D7745BD}.Release|iPhone.Deploy.0 = Release|Any CPU
		{D344F61B-EFD4-4628-9C97-68959D7745BD}.Release|iPhoneSimulator.ActiveCfg = Release|Any CPU
		{D344F61B-EFD4-4628-9C97-68959D7745BD}.Release|iPhoneSimulator.Build.0 = Release|Any CPU
		{D344F61B-EFD4-4628-9C97-68959D7745BD}.Release|iPhoneSimulator.Deploy.0 = Release|Any CPU
		{D344F61B-EFD4-4628-9C97-68959D7745BD}.Release|x64.ActiveCfg = Release|Any CPU
		{D344F61B-EFD4-4628-9C97-68959D7745BD}.Release|x64.Build.0 = Release|Any CPU
		{D344F61B-EFD4-4628-9C97-68959D7745BD}.Release|x64.Deploy.0 = Release|Any CPU
		{D344F61B-EFD4-4628-9C97-68959D7745BD}.Release|x86.ActiveCfg = Release|Any CPU
		{D344F61B-EFD4-4628-9C97-68959D7745BD}.Release|x86.Build.0 = Release|Any CPU
		{D344F61B-EFD4-4628-9C97-68959D7745BD}.Release|x86.Deploy.0 = Release|Any CPU
		{89A4F002-E186-4319-9406-1C4BDF3FB1D5}.Debug|Any CPU.ActiveCfg = Debug|iPhoneSimulator
		{89A4F002-E186-4319-9406-1C4BDF3FB1D5}.Debug|Any CPU.Build.0 = Debug|iPhoneSimulator
		{89A4F002-E186-4319-9406-1C4BDF3FB1D5}.Debug|Any CPU.Deploy.0 = Debug|iPhoneSimulator
		{89A4F002-E186-4319-9406-1C4BDF3FB1D5}.Debug|ARM.ActiveCfg = Debug|iPhone
		{89A4F002-E186-4319-9406-1C4BDF3FB1D5}.Debug|ARM.Build.0 = Debug|iPhone
		{89A4F002-E186-4319-9406-1C4BDF3FB1D5}.Debug|ARM.Deploy.0 = Debug|iPhone
		{89A4F002-E186-4319-9406-1C4BDF3FB1D5}.Debug|iPhone.ActiveCfg = Debug|iPhone
		{89A4F002-E186-4319-9406-1C4BDF3FB1D5}.Debug|iPhone.Build.0 = Debug|iPhone
		{89A4F002-E186-4319-9406-1C4BDF3FB1D5}.Debug|iPhone.Deploy.0 = Debug|iPhone
		{89A4F002-E186-4319-9406-1C4BDF3FB1D5}.Debug|iPhoneSimulator.ActiveCfg = Debug|iPhoneSimulator
		{89A4F002-E186-4319-9406-1C4BDF3FB1D5}.Debug|iPhoneSimulator.Build.0 = Debug|iPhoneSimulator
		{89A4F002-E186-4319-9406-1C4BDF3FB1D5}.Debug|iPhoneSimulator.Deploy.0 = Debug|iPhoneSimulator
		{89A4F002-E186-4319-9406-1C4BDF3FB1D5}.Debug|x64.ActiveCfg = Debug|iPhoneSimulator
		{89A4F002-E186-4319-9406-1C4BDF3FB1D5}.Debug|x64.Build.0 = Debug|iPhoneSimulator
		{89A4F002-E186-4319-9406-1C4BDF3FB1D5}.Debug|x64.Deploy.0 = Debug|iPhoneSimulator
		{89A4F002-E186-4319-9406-1C4BDF3FB1D5}.Debug|x86.ActiveCfg = Debug|iPhoneSimulator
		{89A4F002-E186-4319-9406-1C4BDF3FB1D5}.Debug|x86.Build.0 = Debug|iPhoneSimulator
		{89A4F002-E186-4319-9406-1C4BDF3FB1D5}.Debug|x86.Deploy.0 = Debug|iPhoneSimulator
		{89A4F002-E186-4319-9406-1C4BDF3FB1D5}.Release|Any CPU.ActiveCfg = Release|iPhoneSimulator
		{89A4F002-E186-4319-9406-1C4BDF3FB1D5}.Release|Any CPU.Build.0 = Release|iPhoneSimulator
		{89A4F002-E186-4319-9406-1C4BDF3FB1D5}.Release|Any CPU.Deploy.0 = Release|iPhoneSimulator
		{89A4F002-E186-4319-9406-1C4BDF3FB1D5}.Release|ARM.ActiveCfg = Release|iPhoneSimulator
		{89A4F002-E186-4319-9406-1C4BDF3FB1D5}.Release|ARM.Build.0 = Release|iPhoneSimulator
		{89A4F002-E186-4319-9406-1C4BDF3FB1D5}.Release|ARM.Deploy.0 = Release|iPhoneSimulator
		{89A4F002-E186-4319-9406-1C4BDF3FB1D5}.Release|iPhone.ActiveCfg = Release|iPhone
		{89A4F002-E186-4319-9406-1C4BDF3FB1D5}.Release|iPhone.Build.0 = Release|iPhone
		{89A4F002-E186-4319-9406-1C4BDF3FB1D5}.Release|iPhone.Deploy.0 = Release|iPhone
		{89A4F002-E186-4319-9406-1C4BDF3FB1D5}.Release|iPhoneSimulator.ActiveCfg = Release|iPhoneSimulator
		{89A4F002-E186-4319-9406-1C4BDF3FB1D5}.Release|iPhoneSimulator.Build.0 = Release|iPhoneSimulator
		{89A4F002-E186-4319-9406-1C4BDF3FB1D5}.Release|iPhoneSimulator.Deploy.0 = Release|iPhoneSimulator
		{89A4F002-E186-4319-9406-1C4BDF3FB1D5}.Release|x64.ActiveCfg = Release|iPhoneSimulator
		{89A4F002-E186-4319-9406-1C4BDF3FB1D5}.Release|x64.Build.0 = Release|iPhoneSimulator
		{89A4F002-E186-4319-9406-1C4BDF3FB1D5}.Release|x64.Deploy.0 = Release|iPhoneSimulator
		{89A4F002-E186-4319-9406-1C4BDF3FB1D5}.Release|x86.ActiveCfg = Release|iPhoneSimulator
		{89A4F002-E186-4319-9406-1C4BDF3FB1D5}.Release|x86.Build.0 = Release|iPhoneSimulator
		{89A4F002-E186-4319-9406-1C4BDF3FB1D5}.Release|x86.Deploy.0 = Release|iPhoneSimulator
		{B33525DB-7524-4225-91D7-96687413F881}.Debug|Any CPU.ActiveCfg = Debug|Any CPU
		{B33525DB-7524-4225-91D7-96687413F881}.Debug|Any CPU.Build.0 = Debug|Any CPU
		{B33525DB-7524-4225-91D7-96687413F881}.Debug|Any CPU.Deploy.0 = Debug|Any CPU
		{B33525DB-7524-4225-91D7-96687413F881}.Debug|ARM.ActiveCfg = Debug|Any CPU
		{B33525DB-7524-4225-91D7-96687413F881}.Debug|ARM.Build.0 = Debug|Any CPU
		{B33525DB-7524-4225-91D7-96687413F881}.Debug|ARM.Deploy.0 = Debug|Any CPU
		{B33525DB-7524-4225-91D7-96687413F881}.Debug|iPhone.ActiveCfg = Debug|Any CPU
		{B33525DB-7524-4225-91D7-96687413F881}.Debug|iPhone.Build.0 = Debug|Any CPU
		{B33525DB-7524-4225-91D7-96687413F881}.Debug|iPhone.Deploy.0 = Debug|Any CPU
		{B33525DB-7524-4225-91D7-96687413F881}.Debug|iPhoneSimulator.ActiveCfg = Debug|Any CPU
		{B33525DB-7524-4225-91D7-96687413F881}.Debug|iPhoneSimulator.Build.0 = Debug|Any CPU
		{B33525DB-7524-4225-91D7-96687413F881}.Debug|iPhoneSimulator.Deploy.0 = Debug|Any CPU
		{B33525DB-7524-4225-91D7-96687413F881}.Debug|x64.ActiveCfg = Debug|Any CPU
		{B33525DB-7524-4225-91D7-96687413F881}.Debug|x64.Build.0 = Debug|Any CPU
		{B33525DB-7524-4225-91D7-96687413F881}.Debug|x64.Deploy.0 = Debug|Any CPU
		{B33525DB-7524-4225-91D7-96687413F881}.Debug|x86.ActiveCfg = Debug|Any CPU
		{B33525DB-7524-4225-91D7-96687413F881}.Debug|x86.Build.0 = Debug|Any CPU
		{B33525DB-7524-4225-91D7-96687413F881}.Debug|x86.Deploy.0 = Debug|Any CPU
		{B33525DB-7524-4225-91D7-96687413F881}.Release|Any CPU.ActiveCfg = Release|Any CPU
		{B33525DB-7524-4225-91D7-96687413F881}.Release|Any CPU.Build.0 = Release|Any CPU
		{B33525DB-7524-4225-91D7-96687413F881}.Release|Any CPU.Deploy.0 = Release|Any CPU
		{B33525DB-7524-4225-91D7-96687413F881}.Release|ARM.ActiveCfg = Release|Any CPU
		{B33525DB-7524-4225-91D7-96687413F881}.Release|ARM.Build.0 = Release|Any CPU
		{B33525DB-7524-4225-91D7-96687413F881}.Release|ARM.Deploy.0 = Release|Any CPU
		{B33525DB-7524-4225-91D7-96687413F881}.Release|iPhone.ActiveCfg = Release|Any CPU
		{B33525DB-7524-4225-91D7-96687413F881}.Release|iPhone.Build.0 = Release|Any CPU
		{B33525DB-7524-4225-91D7-96687413F881}.Release|iPhone.Deploy.0 = Release|Any CPU
		{B33525DB-7524-4225-91D7-96687413F881}.Release|iPhoneSimulator.ActiveCfg = Release|Any CPU
		{B33525DB-7524-4225-91D7-96687413F881}.Release|iPhoneSimulator.Build.0 = Release|Any CPU
		{B33525DB-7524-4225-91D7-96687413F881}.Release|iPhoneSimulator.Deploy.0 = Release|Any CPU
		{B33525DB-7524-4225-91D7-96687413F881}.Release|x64.ActiveCfg = Release|Any CPU
		{B33525DB-7524-4225-91D7-96687413F881}.Release|x64.Build.0 = Release|Any CPU
		{B33525DB-7524-4225-91D7-96687413F881}.Release|x64.Deploy.0 = Release|Any CPU
		{B33525DB-7524-4225-91D7-96687413F881}.Release|x86.ActiveCfg = Release|Any CPU
		{B33525DB-7524-4225-91D7-96687413F881}.Release|x86.Build.0 = Release|Any CPU
		{B33525DB-7524-4225-91D7-96687413F881}.Release|x86.Deploy.0 = Release|Any CPU
	EndGlobalSection
	GlobalSection(SolutionProperties) = preSolution
		HideSolutionNode = FALSE
	EndGlobalSection
	GlobalSection(ExtensibilityGlobals) = postSolution
		SolutionGuid = {217419BC-0399-4284-8EA8-D42D1C238793}
	EndGlobalSection
EndGlobal
